
Microsoft Visual Studio Solution File, Format Version 12.00
# Visual Studio Version 17
VisualStudioVersion = 17.13.35919.96 d17.13
MinimumVisualStudioVersion = 10.0.40219.1
Project("{FAE04EC0-301F-11D3-BF4B-00C04F79EFBC}") = "OLNParserTestProject", "OLNParserTestProject.csproj", "{9E20743E-3355-60E3-489C-6A40AA609607}"
EndProject
Global
	GlobalSection(SolutionConfigurationPlatforms) = preSolution
		Debug|Any CPU = Debug|Any CPU
		Release|Any CPU = Release|Any CPU
	EndGlobalSection
	GlobalSection(ProjectConfigurationPlatforms) = postSolution
		{9E20743E-3355-60E3-489C-6A40AA609607}.Debug|Any CPU.ActiveCfg = Debug|Any CPU
		{9E20743E-3355-60E3-489C-6A40AA609607}.Debug|Any CPU.Build.0 = Debug|Any CPU
		{9E20743E-3355-60E3-489C-6A40AA609607}.Release|Any CPU.ActiveCfg = Release|Any CPU
		{9E20743E-3355-60E3-489C-6A40AA609607}.Release|Any CPU.Build.0 = Release|Any CPU
	EndGlobalSection
	GlobalSection(SolutionProperties) = preSolution
		HideSolutionNode = FALSE
	EndGlobalSection
	GlobalSection(ExtensibilityGlobals) = postSolution
		SolutionGuid = {E5495C22-00C5-4155-AEFC-55DA58EE4987}
	EndGlobalSection
EndGlobal
